PODS:
  - ffmpeg_kit_flutter_new_full (7.1.1):
    - ffmpeg_kit_flutter_new_full/full (= 7.1.1)
    - FlutterMacOS
  - ffmpeg_kit_flutter_new_full/full (7.1.1):
    - FlutterMacOS
  - flutter_onnxruntime (0.0.1):
    - FlutterMacOS
    - onnxruntime-objc (= 1.21.0)
  - flutter_secure_storage_macos (6.1.3):
    - FlutterMacOS
  - flutter_webrtc (1.2.0):
    - FlutterMacOS
    - WebRTC-SDK (= 137.7151.04)
  - FlutterMacOS (1.0.0)
  - juce_audio_engine (0.0.1):
    - FlutterMacOS
    - onnxruntime-objc (= 1.21.0)
  - onnxruntime-c (1.21.0)
  - onnxruntime-objc (1.21.0):
    - onnxruntime-objc/Core (= 1.21.0)
  - onnxruntime-objc/Core (1.21.0):
    - onnxruntime-c (= 1.21.0)
  - PostHog (3.45.1)
  - posthog_flutter (0.0.1):
    - Flutter
    - FlutterMacOS
    - PostHog (< 4.0.0, >= 3.44.0)
  - sign_in_with_apple (0.0.1):
    - FlutterMacOS
  - WebRTC-SDK (137.7151.04)

DEPENDENCIES:
  - ffmpeg_kit_flutter_new_full (from `Flutter/ephemeral/.symlinks/plugins/ffmpeg_kit_flutter_new_full/macos`)
  - flutter_onnxruntime (from `Flutter/ephemeral/.symlinks/plugins/flutter_onnxruntime/macos`)
  - flutter_secure_storage_macos (from `Flutter/ephemeral/.symlinks/plugins/flutter_secure_storage_macos/macos`)
  - flutter_webrtc (from `Flutter/ephemeral/.symlinks/plugins/flutter_webrtc/macos`)
  - FlutterMacOS (from `Flutter/ephemeral`)
  - juce_audio_engine (from `Flutter/ephemeral/.symlinks/plugins/juce_audio_engine/macos`)
  - posthog_flutter (from `Flutter/ephemeral/.symlinks/plugins/posthog_flutter/macos`)
  - sign_in_with_apple (from `Flutter/ephemeral/.symlinks/plugins/sign_in_with_apple/macos`)

SPEC REPOS:
  trunk:
    - onnxruntime-c
    - onnxruntime-objc
    - PostHog
    - WebRTC-SDK

EXTERNAL SOURCES:
  ffmpeg_kit_flutter_new_full:
    :path: Flutter/ephemeral/.symlinks/plugins/ffmpeg_kit_flutter_new_full/macos
  flutter_onnxruntime:
    :path: Flutter/ephemeral/.symlinks/plugins/flutter_onnxruntime/macos
  flutter_secure_storage_macos:
    :path: Flutter/ephemeral/.symlinks/plugins/flutter_secure_storage_macos/macos
  flutter_webrtc:
    :path: Flutter/ephemeral/.symlinks/plugins/flutter_webrtc/macos
  FlutterMacOS:
    :path: Flutter/ephemeral
  juce_audio_engine:
    :path: Flutter/ephemeral/.symlinks/plugins/juce_audio_engine/macos
  posthog_flutter:
    :path: Flutter/ephemeral/.symlinks/plugins/posthog_flutter/macos
  sign_in_with_apple:
    :path: Flutter/ephemeral/.symlinks/plugins/sign_in_with_apple/macos

SPEC CHECKSUMS:
  ffmpeg_kit_flutter_new_full: e87a0e4a1bad368efa57584bd134ff48a630b329
  flutter_onnxruntime: e6887abc1032d3e5c92f84b912ad42c33e9ce1c9
  flutter_secure_storage_macos: c2754d3483d20bb207bb9e5a14f1b8e771abcdb9
  flutter_webrtc: f3000fcd54abc3fa966c77ecf7e43ab701793c64
  FlutterMacOS: d0db08ddef1a9af05a5ec4b724367152bb0500b1
  juce_audio_engine: 6d663ea804cfa21d1728b56c2697eeef35c195cc
  onnxruntime-c: ac65025f01072d25d7d394a2b43ac30d9397b260
  onnxruntime-objc: 5fa03134356d47b642ec85b1023d9907a123d201
  PostHog: 596b48ea0c12550479680d6757da5dc6f8d55401
  posthog_flutter: fa2fc9fa68c2fa556af29ab592a68dd2720decba
  sign_in_with_apple: a9e97e744e8edc36aefc2723111f652102a7a727
  WebRTC-SDK: 40d4f5ba05cadff14e4db5614aec402a633f007e

PODFILE CHECKSUM: 429f567d9ab401e946f77b31dd025355fafef34e

COCOAPODS: 1.16.2
