PODS:
  - audio_waveforms (0.0.1):
    - Flutter
  - better_player (0.0.1):
    - Cache (~> 6.0.0)
    - Flutter
    - GCDWebServer
    - HLSCachingReverseProxyServer
    - PINCache
  - Cache (6.0.0)
  - easy_video_editor (0.0.5):
    - Flutter
  - ffmpeg_kit_flutter_new_full (7.1.1):
    - ffmpeg_kit_flutter_new_full/full (= 7.1.1)
    - Flutter
  - ffmpeg_kit_flutter_new_full/full (7.1.1):
    - Flutter
  - Flutter (1.0.0)
  - flutter_file_dialog (0.0.1):
    - Flutter
  - flutter_onnxruntime (0.0.1):
    - Flutter
    - onnxruntime-objc (= 1.22.0)
  - flutter_secure_storage (6.0.0):
    - Flutter
  - flutter_webrtc (1.2.0):
    - Flutter
    - WebRTC-SDK (= 137.7151.04)
  - GCDWebServer (3.5.4):
    - GCDWebServer/Core (= 3.5.4)
  - GCDWebServer/Core (3.5.4)
  - HLSCachingReverseProxyServer (0.1.0):
    - GCDWebServer (~> 3.5)
    - PINCache (>= 3.0.1-beta.3)
  - image_gallery_saver (2.0.2):
    - Flutter
  - juce_audio_engine (0.0.1):
    - Flutter
    - onnxruntime-objc (= 1.22.0)
  - libwebp (1.5.0):
    - libwebp/demux (= 1.5.0)
    - libwebp/mux (= 1.5.0)
    - libwebp/sharpyuv (= 1.5.0)
    - libwebp/webp (= 1.5.0)
  - libwebp/demux (1.5.0):
    - libwebp/webp
  - libwebp/mux (1.5.0):
    - libwebp/demux
  - libwebp/sharpyuv (1.5.0)
  - libwebp/webp (1.5.0):
    - libwebp/sharpyuv
  - onnxruntime-c (1.22.0)
  - onnxruntime-objc (1.22.0):
    - onnxruntime-objc/Core (= 1.22.0)
  - onnxruntime-objc/Core (1.22.0):
    - onnxruntime-c (= 1.22.0)
  - open_file_ios (1.0.3):
    - Flutter
  - permission_handler_apple (9.3.0):
    - Flutter
  - PINCache (3.0.4):
    - PINCache/Arc-exception-safe (= 3.0.4)
    - PINCache/Core (= 3.0.4)
  - PINCache/Arc-exception-safe (3.0.4):
    - PINCache/Core
  - PINCache/Core (3.0.4):
    - PINOperation (~> 1.2.3)
  - PINOperation (1.2.3)
  - sign_in_with_apple (0.0.1):
    - Flutter
  - video_thumbnail (0.0.1):
    - Flutter
    - libwebp
  - WebRTC-SDK (137.7151.04)

DEPENDENCIES:
  - audio_waveforms (from `.symlinks/plugins/audio_waveforms/ios`)
  - better_player (from `.symlinks/plugins/better_player/ios`)
  - easy_video_editor (from `.symlinks/plugins/easy_video_editor/ios`)
  - ffmpeg_kit_flutter_new_full (from `.symlinks/plugins/ffmpeg_kit_flutter_new_full/ios`)
  - Flutter (from `Flutter`)
  - flutter_file_dialog (from `.symlinks/plugins/flutter_file_dialog/ios`)
  - flutter_onnxruntime (from `.symlinks/plugins/flutter_onnxruntime/ios`)
  - flutter_secure_storage (from `.symlinks/plugins/flutter_secure_storage/ios`)
  - flutter_webrtc (from `.symlinks/plugins/flutter_webrtc/ios`)
  - image_gallery_saver (from `.symlinks/plugins/image_gallery_saver/ios`)
  - juce_audio_engine (from `.symlinks/plugins/juce_audio_engine/ios`)
  - open_file_ios (from `.symlinks/plugins/open_file_ios/ios`)
  - permission_handler_apple (from `.symlinks/plugins/permission_handler_apple/ios`)
  - sign_in_with_apple (from `.symlinks/plugins/sign_in_with_apple/ios`)
  - video_thumbnail (from `.symlinks/plugins/video_thumbnail/ios`)

SPEC REPOS:
  trunk:
    - Cache
    - GCDWebServer
    - HLSCachingReverseProxyServer
    - libwebp
    - onnxruntime-c
    - onnxruntime-objc
    - PINCache
    - PINOperation
    - WebRTC-SDK

EXTERNAL SOURCES:
  audio_waveforms:
    :path: ".symlinks/plugins/audio_waveforms/ios"
  better_player:
    :path: ".symlinks/plugins/better_player/ios"
  easy_video_editor:
    :path: ".symlinks/plugins/easy_video_editor/ios"
  ffmpeg_kit_flutter_new_full:
    :path: ".symlinks/plugins/ffmpeg_kit_flutter_new_full/ios"
  Flutter:
    :path: Flutter
  flutter_file_dialog:
    :path: ".symlinks/plugins/flutter_file_dialog/ios"
  flutter_onnxruntime:
    :path: ".symlinks/plugins/flutter_onnxruntime/ios"
  flutter_secure_storage:
    :path: ".symlinks/plugins/flutter_secure_storage/ios"
  flutter_webrtc:
    :path: ".symlinks/plugins/flutter_webrtc/ios"
  image_gallery_saver:
    :path: ".symlinks/plugins/image_gallery_saver/ios"
  juce_audio_engine:
    :path: ".symlinks/plugins/juce_audio_engine/ios"
  open_file_ios:
    :path: ".symlinks/plugins/open_file_ios/ios"
  permission_handler_apple:
    :path: ".symlinks/plugins/permission_handler_apple/ios"
  sign_in_with_apple:
    :path: ".symlinks/plugins/sign_in_with_apple/ios"
  video_thumbnail:
    :path: ".symlinks/plugins/video_thumbnail/ios"

SPEC CHECKSUMS:
  audio_waveforms: cd736909ebc6b6a164eb74701d8c705ce3241e1c
  better_player: 2406bfe8175203c7a46fa15f9d778d73b12e1646
  Cache: 4ca7e00363fca5455f26534e5607634c820ffc2d
  easy_video_editor: b333d0350a6dfa24990b7ee55d7369def5893fd8
  ffmpeg_kit_flutter_new_full: 1752daed2c07e709362e46cdd89db7b316ab2538
  Flutter: 71a624a5bc0c04062bf19101d501e466baf2fb47
  flutter_file_dialog: 4c014a45b105709a27391e266c277d7e588e9299
  flutter_onnxruntime: 588dcdd569f6ac3e8e943d4340b4b161db0d4fe8
  flutter_secure_storage: d33dac7ae2ea08509be337e775f6b59f1ff45f12
  flutter_webrtc: 2f8c283dc8d16b988cdf8b0a7248b0717829bd78
  GCDWebServer: 2c156a56c8226e2d5c0c3f208a3621ccffbe3ce4
  HLSCachingReverseProxyServer: 59935e1e0244ad7f3375d75b5ef46e8eb26ab181
  image_gallery_saver: cb43cc43141711190510e92c460eb1655cd343cb
  juce_audio_engine: 5dfce794e4286eed6b37019bd6038c79220262b2
  libwebp: 02b23773aedb6ff1fd38cec7a77b81414c6842a8
  onnxruntime-c: 7f778680e96145956c0a31945f260321eed2611a
  onnxruntime-objc: 83d28b87525bd971259a66e153ea32b5d023de19
  open_file_ios: ece9c5358aec7b7ed7dc12fcb0f926ef6d6650f1
  permission_handler_apple: 9878588469a2b0d0fc1e048d9f43605f92e6cec2
  PINCache: d9a87a0ff397acffe9e2f0db972ac14680441158
  PINOperation: fb563bcc9c32c26d6c78aaff967d405aa2ee74a7
  sign_in_with_apple: f3bf75217ea4c2c8b91823f225d70230119b8440
  video_thumbnail: c4e2a3c539e247d4de13cd545344fd2d26ffafd1
  WebRTC-SDK: 40d4f5ba05cadff14e4db5614aec402a633f007e

PODFILE CHECKSUM: 0ffd8c37f91ec3217270ae545b8390f69c45bce6

COCOAPODS: 1.16.2
