PODS:
  - audio_waveforms (0.0.1):
    - Flutter
  - better_player (0.0.1):
    - Cache (~> 6.0.0)
    - Flutter
    - GCDWebServer
    - HLSCachingReverseProxyServer
    - PINCache
  - Cache (6.0.0)
  - easy_video_editor (0.0.5):
    - Flutter
  - ffmpeg_kit_flutter_new_full (7.1.1):
    - ffmpeg_kit_flutter_new_full/full (= 7.1.1)
    - Flutter
  - ffmpeg_kit_flutter_new_full/full (7.1.1):
    - Flutter
  - Flutter (1.0.0)
  - flutter_file_dialog (0.0.1):
    - Flutter
  - flutter_onnxruntime (0.0.1):
    - Flutter
    - onnxruntime-objc (= 1.22.0)
  - flutter_secure_storage (6.0.0):
    - Flutter
  - flutter_webrtc (1.2.0):
    - Flutter
    - WebRTC-SDK (= 137.7151.04)
  - GCDWebServer (3.5.4):
    - GCDWebServer/Core (= 3.5.4)
  - GCDWebServer/Core (3.5.4)
  - HLSCachingReverseProxyServer (0.1.0):
    - GCDWebServer (~> 3.5)
    - PINCache (>= 3.0.1-beta.3)
  - image_gallery_saver (2.0.2):
    - Flutter
  - juce_audio_engine (0.0.1):
    - Flutter
    - onnxruntime-objc (= 1.22.0)
  - libwebp (1.5.0):
    - libwebp/demux (= 1.5.0)
    - libwebp/mux (= 1.5.0)
    - libwebp/sharpyuv (= 1.5.0)
    - libwebp/webp (= 1.5.0)
  - libwebp/demux (1.5.0):
    - libwebp/webp
  - libwebp/mux (1.5.0):
    - libwebp/demux
  - libwebp/sharpyuv (1.5.0)
  - libwebp/webp (1.5.0):
    - libwebp/sharpyuv
  - onnxruntime-c (1.22.0)
  - onnxruntime-objc (1.22.0):
    - onnxruntime-objc/Core (= 1.22.0)
  - onnxruntime-objc/Core (1.22.0):
    - onnxruntime-c (= 1.22.0)
  - open_file_ios (1.0.3):
    - Flutter
  - permission_handler_apple (9.3.0):
    - Flutter
  - PINCache (3.0.4):
    - PINCache/Arc-exception-safe (= 3.0.4)
    - PINCache/Core (= 3.0.4)
  - PINCache/Arc-exception-safe (3.0.4):
    - PINCache/Core
  - PINCache/Core (3.0.4):
    - PINOperation (~> 1.2.3)
  - PINOperation (1.2.3)
  - sign_in_with_apple (0.0.1):
    - Flutter
  - video_thumbnail (0.0.1):
    - Flutter
    - libwebp
  - WebRTC-SDK (137.7151.04)

DEPENDENCIES:
  - audio_waveforms (from `.symlinks/plugins/audio_waveforms/ios`)
  - better_player (from `.symlinks/plugins/better_player/ios`)
  - easy_video_editor (from `.symlinks/plugins/easy_video_editor/ios`)
  - ffmpeg_kit_flutter_new_full (from `.symlinks/plugins/ffmpeg_kit_flutter_new_full/ios`)
  - Flutter (from `Flutter`)
  - flutter_file_dialog (from `.symlinks/plugins/flutter_file_dialog/ios`)
  - flutter_onnxruntime (from `.symlinks/plugins/flutter_onnxruntime/ios`)
  - flutter_secure_storage (from `.symlinks/plugins/flutter_secure_storage/ios`)
  - flutter_webrtc (from `.symlinks/plugins/flutter_webrtc/ios`)
  - image_gallery_saver (from `.symlinks/plugins/image_gallery_saver/ios`)
  - juce_audio_engine (from `.symlinks/plugins/juce_audio_engine/ios`)
  - open_file_ios (from `.symlinks/plugins/open_file_ios/ios`)
  - permission_handler_apple (from `.symlinks/plugins/permission_handler_apple/ios`)
  - sign_in_with_apple (from `.symlinks/plugins/sign_in_with_apple/ios`)
  - video_thumbnail (from `.symlinks/plugins/video_thumbnail/ios`)

SPEC REPOS:
  trunk:
    - Cache
    - GCDWebServer
    - HLSCachingReverseProxyServer
    - libwebp
    - onnxruntime-c
    - onnxruntime-objc
    - PINCache
    - PINOperation
    - WebRTC-SDK

EXTERNAL SOURCES:
  audio_waveforms:
    :path: ".symlinks/plugins/audio_waveforms/ios"
  better_player:
    :path: ".symlinks/plugins/better_player/ios"
  easy_video_editor:
    :path: ".symlinks/plugins/easy_video_editor/ios"
  ffmpeg_kit_flutter_new_full:
    :path: ".symlinks/plugins/ffmpeg_kit_flutter_new_full/ios"
  Flutter:
    :path: Flutter
  flutter_file_dialog:
    :path: ".symlinks/plugins/flutter_file_dialog/ios"
  flutter_onnxruntime:
    :path: ".symlinks/plugins/flutter_onnxruntime/ios"
  flutter_secure_storage:
    :path: ".symlinks/plugins/flutter_secure_storage/ios"
  flutter_webrtc:
    :path: ".symlinks/plugins/flutter_webrtc/ios"
  image_gallery_saver:
    :path: ".symlinks/plugins/image_gallery_saver/ios"
  juce_audio_engine:
    :path: ".symlinks/plugins/juce_audio_engine/ios"
  open_file_ios:
    :path: ".symlinks/plugins/open_file_ios/ios"
  permission_handler_apple:
    :path: ".symlinks/plugins/permission_handler_apple/ios"
  sign_in_with_apple:
    :path: ".symlinks/plugins/sign_in_with_apple/ios"
  video_thumbnail:
    :path: ".symlinks/plugins/video_thumbnail/ios"

SPEC CHECKSUMS:
  audio_waveforms: a6dde7fe7c0ea05f06ffbdb0f7c1b2b2ba6cedcf
  better_player: 472a1f3471b8991bde82327c91498b0f7934245d
  Cache: 4ca7e00363fca5455f26534e5607634c820ffc2d
  easy_video_editor: 3b4b38c40be7344935f79698115ee36077df8a57
  ffmpeg_kit_flutter_new_full: 409b012eb2c900b377f6c904bea43f6572daa9e6
  Flutter: cabc95a1d2626b1b06e7179b784ebcf0c0cde467
  flutter_file_dialog: ca8d7fbd1772d4f0c2777b4ab20a7787ef4e7dd8
  flutter_onnxruntime: 744f037980e9fb685736bfeceaf4c2dd8c381f8a
  flutter_secure_storage: 1ed9476fba7e7a782b22888f956cce43e2c62f13
  flutter_webrtc: c3e21fc0dcd9d8eb246ae4d5256fcbeb2f5ecd22
  GCDWebServer: 2c156a56c8226e2d5c0c3f208a3621ccffbe3ce4
  HLSCachingReverseProxyServer: 59935e1e0244ad7f3375d75b5ef46e8eb26ab181
  image_gallery_saver: 14711d79da40581063e8842a11acf1969d781ed7
  juce_audio_engine: 353be95e1555c3df3ac7d98fedfbe8820384352a
  libwebp: 02b23773aedb6ff1fd38cec7a77b81414c6842a8
  onnxruntime-c: 7f778680e96145956c0a31945f260321eed2611a
  onnxruntime-objc: 83d28b87525bd971259a66e153ea32b5d023de19
  open_file_ios: 46184d802ee7959203f6392abcfa0dd49fdb5be0
  permission_handler_apple: 4ed2196e43d0651e8ff7ca3483a069d469701f2d
  PINCache: d9a87a0ff397acffe9e2f0db972ac14680441158
  PINOperation: fb563bcc9c32c26d6c78aaff967d405aa2ee74a7
  sign_in_with_apple: c5dcc141574c8c54d5ac99dd2163c0c72ad22418
  video_thumbnail: b637e0ad5f588ca9945f6e2c927f73a69a661140
  WebRTC-SDK: 40d4f5ba05cadff14e4db5614aec402a633f007e

PODFILE CHECKSUM: 0ffd8c37f91ec3217270ae545b8390f69c45bce6

COCOAPODS: 1.16.2
